// !$*UTF8*$!
{
	archiveVersion = 1;
	classes = {
	};
	objectVersion = 52;
	objects = {

/* Begin PBXBuildFile section */
		750A33A928356CD10012FBAC /* MapView.swift in Sources */ = {isa = PBXBuildFile; fileRef = 750A33A828356CD10012FBAC /* MapView.swift */; };
		750A33AD2835A0AB0012FBAC /* MapModel.swift in Sources */ = {isa = PBXBuildFile; fileRef = 750A33AC2835A0AB0012FBAC /* MapModel.swift */; };
		751D4C7D27B0C04A006273F4 /* HelpView.swift in Sources */ = {isa = PBXBuildFile; fileRef = 751D4C7C27B0C04A006273F4 /* HelpView.swift */; };
		753F972227CC250100B5FACB /* NotifResponseView.swift in Sources */ = {isa = PBXBuildFile; fileRef = 753F972127CC250100B5FACB /* NotifResponseView.swift */; };
		7550853D280F575700967F9F /* MainTabView.swift in Sources */ = {isa = PBXBuildFile; fileRef = 7550853C280F575700967F9F /* MainTabView.swift */; };
		756F3671283AEF380060644A /* LocationModel.swift in Sources */ = {isa = PBXBuildFile; fileRef = 756F3670283AEF380060644A /* LocationModel.swift */; };
		7578380027B99CB300D8FF4A /* NotificationManager.swift in Sources */ = {isa = PBXBuildFile; fileRef = 757837FF27B99CB300D8FF4A /* NotificationManager.swift */; };
		7578380227B9BEBF00D8FF4A /* InfoOverlayView.swift in Sources */ = {isa = PBXBuildFile; fileRef = 7578380127B9BEBF00D8FF4A /* InfoOverlayView.swift */; };
		757EDAA427CC00310037A09E /* ActionNotifManager.swift in Sources */ = {isa = PBXBuildFile; fileRef = 757EDAA327CC00310037A09E /* ActionNotifManager.swift */; };
		75F4D92127C30743001024FC /* CreateEventView.swift in Sources */ = {isa = PBXBuildFile; fileRef = 75F4D92027C30743001024FC /* CreateEventView.swift */; };
		7918B8BD282058C900655D77 /* AddChildrenView.swift in Sources */ = {isa = PBXBuildFile; fileRef = 7918B8BC282058C900655D77 /* AddChildrenView.swift */; };
		7918B8BF282058F000655D77 /* SettingsViewModel.swift in Sources */ = {isa = PBXBuildFile; fileRef = 7918B8BE282058F000655D77 /* SettingsViewModel.swift */; };
		793F052E27B458E00062DE8E /* User.swift in Sources */ = {isa = PBXBuildFile; fileRef = 793F052D27B458E00062DE8E /* User.swift */; };
		796B76D527AB40BB00B57919 /* AuthViewModel.swift in Sources */ = {isa = PBXBuildFile; fileRef = 796B76D427AB40BB00B57919 /* AuthViewModel.swift */; };
		796B76D727AB4C1900B57919 /* ViewMasterController.swift in Sources */ = {isa = PBXBuildFile; fileRef = 796B76D627AB4C1900B57919 /* ViewMasterController.swift */; };
		7984BA8C28281F15004A19B6 /* ChildSettingsView.swift in Sources */ = {isa = PBXBuildFile; fileRef = 7984BA8B28281F15004A19B6 /* ChildSettingsView.swift */; };
		799CC39227A488AB0043A9FF /* DayKeeperAppApp.swift in Sources */ = {isa = PBXBuildFile; fileRef = 799CC39127A488AB0043A9FF /* DayKeeperAppApp.swift */; };
		799CC39427A488AB0043A9FF /* ContentView.swift in Sources */ = {isa = PBXBuildFile; fileRef = 799CC39327A488AB0043A9FF /* ContentView.swift */; };
		799CC39627A488AC0043A9FF /* Assets.xcassets in Resources */ = {isa = PBXBuildFile; fileRef = 799CC39527A488AC0043A9FF /* Assets.xcassets */; };
		799CC39927A488AC0043A9FF /* Preview Assets.xcassets in Resources */ = {isa = PBXBuildFile; fileRef = 799CC39827A488AC0043A9FF /* Preview Assets.xcassets */; };
		799CC3A427A488AC0043A9FF /* DayKeeperAppTests.swift in Sources */ = {isa = PBXBuildFile; fileRef = 799CC3A327A488AC0043A9FF /* DayKeeperAppTests.swift */; };
		799CC3AF27A488AC0043A9FF /* DayKeeperAppUITests.swift in Sources */ = {isa = PBXBuildFile; fileRef = 799CC3AE27A488AC0043A9FF /* DayKeeperAppUITests.swift */; };
		799CC3BD27A7421B0043A9FF /* LoginView.swift in Sources */ = {isa = PBXBuildFile; fileRef = 799CC3BC27A7421B0043A9FF /* LoginView.swift */; };
		79A6FE722829570F00CEBBB3 /* ParentTabView.swift in Sources */ = {isa = PBXBuildFile; fileRef = 79A6FE712829570F00CEBBB3 /* ParentTabView.swift */; };
		79A6FE7428295A3000CEBBB3 /* ChildAcctSettingsView.swift in Sources */ = {isa = PBXBuildFile; fileRef = 79A6FE7328295A3000CEBBB3 /* ChildAcctSettingsView.swift */; };
		79CADA9327AC889B00518544 /* RegistrationView.swift in Sources */ = {isa = PBXBuildFile; fileRef = 79CADA9227AC889B00518544 /* RegistrationView.swift */; };
		79CC525E282B25A600954A2B /* ParentEventsView.swift in Sources */ = {isa = PBXBuildFile; fileRef = 79CC525D282B25A600954A2B /* ParentEventsView.swift */; };
		79DC167B27BAEA3C007BFE1D /* SettingsView.swift in Sources */ = {isa = PBXBuildFile; fileRef = 79DC167A27BAEA3C007BFE1D /* SettingsView.swift */; };
		79DC167F27BAF070007BFE1D /* AccountSettingsView.swift in Sources */ = {isa = PBXBuildFile; fileRef = 79DC167E27BAF070007BFE1D /* AccountSettingsView.swift */; };
		79DC168227BAF420007BFE1D /* NotificationsSettingsViews.swift in Sources */ = {isa = PBXBuildFile; fileRef = 79DC168127BAF420007BFE1D /* NotificationsSettingsViews.swift */; };
		AC11A767282BF57D0068FD82 /* StatFunctions.swift in Sources */ = {isa = PBXBuildFile; fileRef = AC11A766282BF57D0068FD82 /* StatFunctions.swift */; };
		AC4B505227AEDA0700488105 /* StatsView.swift in Sources */ = {isa = PBXBuildFile; fileRef = AC4B505127AEDA0700488105 /* StatsView.swift */; };
		AC5B803A282B5CCF00386EBC /* FLCharts in Frameworks */ = {isa = PBXBuildFile; productRef = AC5B8039282B5CCF00386EBC /* FLCharts */; };
		AC81ADAD2818F0AA006280CA /* CoreLocation.framework in Frameworks */ = {isa = PBXBuildFile; fileRef = AC81ADAC2818F0A9006280CA /* CoreLocation.framework */; };
		ACDB8E442836F8AF00BF432D /* locationNotifs.swift in Sources */ = {isa = PBXBuildFile; fileRef = ACDB8E432836F8AF00BF432D /* locationNotifs.swift */; };
		FE11B3BC27ADC3480052CA22 /* EventsView.swift in Sources */ = {isa = PBXBuildFile; fileRef = FE11B3BB27ADC3480052CA22 /* EventsView.swift */; };
		FE11B3BE27AF24980052CA22 /* Event.swift in Sources */ = {isa = PBXBuildFile; fileRef = FE11B3BD27AF24980052CA22 /* Event.swift */; };
		FE11B3C527B03ABA0052CA22 /* PreEvent.swift in Sources */ = {isa = PBXBuildFile; fileRef = FE11B3C427B03ABA0052CA22 /* PreEvent.swift */; };
		FE11B3C727B05B900052CA22 /* EventRow.swift in Sources */ = {isa = PBXBuildFile; fileRef = FE11B3C627B05B900052CA22 /* EventRow.swift */; };
		FE11B3C927B088490052CA22 /* Data.swift in Sources */ = {isa = PBXBuildFile; fileRef = FE11B3C827B088490052CA22 /* Data.swift */; };
		FE11B3CB27B18CB60052CA22 /* TaskRow.swift in Sources */ = {isa = PBXBuildFile; fileRef = FE11B3CA27B18CB60052CA22 /* TaskRow.swift */; };
		FE11B3CD27B2DE340052CA22 /* Category.swift in Sources */ = {isa = PBXBuildFile; fileRef = FE11B3CC27B2DE330052CA22 /* Category.swift */; };
		FE89728127D3E6BD00041B33 /* Lemon-Regular.ttf in Resources */ = {isa = PBXBuildFile; fileRef = FE89727F27D3E6BD00041B33 /* Lemon-Regular.ttf */; };
		FE89728227D3E6BD00041B33 /* OFL.txt in Resources */ = {isa = PBXBuildFile; fileRef = FE89728027D3E6BD00041B33 /* OFL.txt */; };
		FE8972A027D4083800041B33 /* Karla-Regular.ttf in Resources */ = {isa = PBXBuildFile; fileRef = FE89728E27D4083800041B33 /* Karla-Regular.ttf */; };
		FE9AC4172819999400755B24 /* Realm in Frameworks */ = {isa = PBXBuildFile; productRef = FE9AC4162819999400755B24 /* Realm */; };
		FE9AC4192819999400755B24 /* RealmSwift in Frameworks */ = {isa = PBXBuildFile; productRef = FE9AC4182819999400755B24 /* RealmSwift */; };
		FEA68AB027BD4E15007E2E3A /* EventsViewModel.swift in Sources */ = {isa = PBXBuildFile; fileRef = FEA68AAF27BD4E15007E2E3A /* EventsViewModel.swift */; };
		FEEB0E7927D41D1B0088E346 /* Images.xcassets in Resources */ = {isa = PBXBuildFile; fileRef = FEEB0E7827D41D1B0088E346 /* Images.xcassets */; };
		FEEB0ECA27D41E3E0088E346 /* iTunesArtwork@1x.png in Resources */ = {isa = PBXBuildFile; fileRef = FEEB0E7C27D41E3E0088E346 /* iTunesArtwork@1x.png */; };
		FEEB0ECB27D41E3E0088E346 /* Icon-App-76x76@2x.png in Resources */ = {isa = PBXBuildFile; fileRef = FEEB0E7E27D41E3E0088E346 /* Icon-App-76x76@2x.png */; };
		FEEB0ECC27D41E3E0088E346 /* Icon-App-29x29@1x.png in Resources */ = {isa = PBXBuildFile; fileRef = FEEB0E7F27D41E3E0088E346 /* Icon-App-29x29@1x.png */; };
		FEEB0ECD27D41E3E0088E346 /* Icon-App-40x40@1x.png in Resources */ = {isa = PBXBuildFile; fileRef = FEEB0E8027D41E3E0088E346 /* Icon-App-40x40@1x.png */; };
		FEEB0ECE27D41E3E0088E346 /* Icon-App-20x20@1x.png in Resources */ = {isa = PBXBuildFile; fileRef = FEEB0E8127D41E3E0088E346 /* Icon-App-20x20@1x.png */; };
		FEEB0ECF27D41E3E0088E346 /* Icon-App-83.5x83.5@2x.png in Resources */ = {isa = PBXBuildFile; fileRef = FEEB0E8227D41E3E0088E346 /* Icon-App-83.5x83.5@2x.png */; };
		FEEB0ED027D41E3E0088E346 /* Icon-App-20x20@3x.png in Resources */ = {isa = PBXBuildFile; fileRef = FEEB0E8327D41E3E0088E346 /* Icon-App-20x20@3x.png */; };
		FEEB0ED127D41E3E0088E346 /* ItunesArtwork@2x.png in Resources */ = {isa = PBXBuildFile; fileRef = FEEB0E8427D41E3E0088E346 /* ItunesArtwork@2x.png */; };
		FEEB0ED227D41E3E0088E346 /* Contents.json in Resources */ = {isa = PBXBuildFile; fileRef = FEEB0E8527D41E3E0088E346 /* Contents.json */; };
		FEEB0ED327D41E3E0088E346 /* Icon-App-20x20@2x.png in Resources */ = {isa = PBXBuildFile; fileRef = FEEB0E8627D41E3E0088E346 /* Icon-App-20x20@2x.png */; };
		FEEB0ED427D41E3E0088E346 /* Icon-App-29x29@3x.png in Resources */ = {isa = PBXBuildFile; fileRef = FEEB0E8727D41E3E0088E346 /* Icon-App-29x29@3x.png */; };
		FEEB0ED527D41E3E0088E346 /* Icon-App-40x40@2x.png in Resources */ = {isa = PBXBuildFile; fileRef = FEEB0E8827D41E3E0088E346 /* Icon-App-40x40@2x.png */; };
		FEEB0ED627D41E3E0088E346 /* Icon-App-60x60@3x.png in Resources */ = {isa = PBXBuildFile; fileRef = FEEB0E8927D41E3E0088E346 /* Icon-App-60x60@3x.png */; };
		FEEB0ED727D41E3E0088E346 /* Icon-App-60x60@2x.png in Resources */ = {isa = PBXBuildFile; fileRef = FEEB0E8A27D41E3E0088E346 /* Icon-App-60x60@2x.png */; };
		FEEB0ED827D41E3E0088E346 /* Icon-App-76x76@1x.png in Resources */ = {isa = PBXBuildFile; fileRef = FEEB0E8B27D41E3E0088E346 /* Icon-App-76x76@1x.png */; };
		FEEB0ED927D41E3E0088E346 /* Icon-App-40x40@3x.png in Resources */ = {isa = PBXBuildFile; fileRef = FEEB0E8C27D41E3E0088E346 /* Icon-App-40x40@3x.png */; };
		FEEB0EDA27D41E3E0088E346 /* Icon-App-29x29@2x.png in Resources */ = {isa = PBXBuildFile; fileRef = FEEB0E8D27D41E3E0088E346 /* Icon-App-29x29@2x.png */; };
		FEEB0EDB27D41E3E0088E346 /* README.md in Resources */ = {isa = PBXBuildFile; fileRef = FEEB0E8E27D41E3E0088E346 /* README.md */; };
		FEEB0EDC27D41E3E0088E346 /* iTunesArtwork@2x.png in Resources */ = {isa = PBXBuildFile; fileRef = FEEB0E8F27D41E3E0088E346 /* iTunesArtwork@2x.png */; };
		FEEB0EDD27D41E3E0088E346 /* iTunesArtwork@3x.png in Resources */ = {isa = PBXBuildFile; fileRef = FEEB0E9027D41E3E0088E346 /* iTunesArtwork@3x.png */; };
		FEEB0F0D27D420EE0088E346 /* Alarm-1024.jpg in Resources */ = {isa = PBXBuildFile; fileRef = FEEB0F0C27D420EE0088E346 /* Alarm-1024.jpg */; };
		FEEB0F0F27D424F90088E346 /* Alarm.jpg in Resources */ = {isa = PBXBuildFile; fileRef = FEEB0F0E27D424F90088E346 /* Alarm.jpg */; };
		FEEB0F1427D663BA0088E346 /* Assets.xcassets in Resources */ = {isa = PBXBuildFile; fileRef = FEEB0F1127D663B90088E346 /* Assets.xcassets */; };
		FEEB0F1527D663BA0088E346 /* appstore.png in Resources */ = {isa = PBXBuildFile; fileRef = FEEB0F1227D663B90088E346 /* appstore.png */; };
		FEEB0F1627D663BA0088E346 /* playstore.png in Resources */ = {isa = PBXBuildFile; fileRef = FEEB0F1327D663B90088E346 /* playstore.png */; };
		FEECDC8D27B4380C007DD3CD /* Constants.swift in Sources */ = {isa = PBXBuildFile; fileRef = FEECDC8C27B4380C007DD3CD /* Constants.swift */; };
		FEECDC9127B97722007DD3CD /* RealmSetup.swift in Sources */ = {isa = PBXBuildFile; fileRef = FEECDC9027B97722007DD3CD /* RealmSetup.swift */; };
/* End PBXBuildFile section */

/* Begin PBXContainerItemProxy section */
		799CC3A027A488AC0043A9FF /* PBXContainerItemProxy */ = {
			isa = PBXContainerItemProxy;
			containerPortal = 799CC38627A488AB0043A9FF /* Project object */;
			proxyType = 1;
			remoteGlobalIDString = 799CC38D27A488AB0043A9FF;
			remoteInfo = DayKeeperApp;
		};
		799CC3AB27A488AC0043A9FF /* PBXContainerItemProxy */ = {
			isa = PBXContainerItemProxy;
			containerPortal = 799CC38627A488AB0043A9FF /* Project object */;
			proxyType = 1;
			remoteGlobalIDString = 799CC38D27A488AB0043A9FF;
			remoteInfo = DayKeeperApp;
		};
/* End PBXContainerItemProxy section */

/* Begin PBXFileReference section */
		750A33A828356CD10012FBAC /* MapView.swift */ = {isa = PBXFileReference; lastKnownFileType = sourcecode.swift; path = MapView.swift; sourceTree = "<group>"; };
		750A33AC2835A0AB0012FBAC /* MapModel.swift */ = {isa = PBXFileReference; lastKnownFileType = sourcecode.swift; path = MapModel.swift; sourceTree = "<group>"; };
		751D4C7C27B0C04A006273F4 /* HelpView.swift */ = {isa = PBXFileReference; lastKnownFileType = sourcecode.swift; path = HelpView.swift; sourceTree = "<group>"; };
		753F972127CC250100B5FACB /* NotifResponseView.swift */ = {isa = PBXFileReference; lastKnownFileType = sourcecode.swift; path = NotifResponseView.swift; sourceTree = "<group>"; };
		7550853C280F575700967F9F /* MainTabView.swift */ = {isa = PBXFileReference; lastKnownFileType = sourcecode.swift; path = MainTabView.swift; sourceTree = "<group>"; };
		756F3670283AEF380060644A /* LocationModel.swift */ = {isa = PBXFileReference; lastKnownFileType = sourcecode.swift; path = LocationModel.swift; sourceTree = "<group>"; };
		757837FF27B99CB300D8FF4A /* NotificationManager.swift */ = {isa = PBXFileReference; lastKnownFileType = sourcecode.swift; path = NotificationManager.swift; sourceTree = "<group>"; };
		7578380127B9BEBF00D8FF4A /* InfoOverlayView.swift */ = {isa = PBXFileReference; lastKnownFileType = sourcecode.swift; path = InfoOverlayView.swift; sourceTree = "<group>"; };
		757EDAA327CC00310037A09E /* ActionNotifManager.swift */ = {isa = PBXFileReference; lastKnownFileType = sourcecode.swift; path = ActionNotifManager.swift; sourceTree = "<group>"; };
		75F4D92027C30743001024FC /* CreateEventView.swift */ = {isa = PBXFileReference; lastKnownFileType = sourcecode.swift; path = CreateEventView.swift; sourceTree = "<group>"; };
		7918B8BC282058C900655D77 /* AddChildrenView.swift */ = {isa = PBXFileReference; lastKnownFileType = sourcecode.swift; path = AddChildrenView.swift; sourceTree = "<group>"; };
		7918B8BE282058F000655D77 /* SettingsViewModel.swift */ = {isa = PBXFileReference; lastKnownFileType = sourcecode.swift; path = SettingsViewModel.swift; sourceTree = "<group>"; };
		793F052D27B458E00062DE8E /* User.swift */ = {isa = PBXFileReference; lastKnownFileType = sourcecode.swift; path = User.swift; sourceTree = "<group>"; };
		796B76D427AB40BB00B57919 /* AuthViewModel.swift */ = {isa = PBXFileReference; lastKnownFileType = sourcecode.swift; path = AuthViewModel.swift; sourceTree = "<group>"; };
		796B76D627AB4C1900B57919 /* ViewMasterController.swift */ = {isa = PBXFileReference; lastKnownFileType = sourcecode.swift; path = ViewMasterController.swift; sourceTree = "<group>"; };
		7984BA8B28281F15004A19B6 /* ChildSettingsView.swift */ = {isa = PBXFileReference; lastKnownFileType = sourcecode.swift; path = ChildSettingsView.swift; sourceTree = "<group>"; };
		799CC38E27A488AB0043A9FF /* DayKeeperApp.app */ = {isa = PBXFileReference; explicitFileType = wrapper.application; includeInIndex = 0; path = DayKeeperApp.app; sourceTree = BUILT_PRODUCTS_DIR; };
		799CC39127A488AB0043A9FF /* DayKeeperAppApp.swift */ = {isa = PBXFileReference; lastKnownFileType = sourcecode.swift; path = DayKeeperAppApp.swift; sourceTree = "<group>"; };
		799CC39327A488AB0043A9FF /* ContentView.swift */ = {isa = PBXFileReference; lastKnownFileType = sourcecode.swift; path = ContentView.swift; sourceTree = "<group>"; };
		799CC39527A488AC0043A9FF /* Assets.xcassets */ = {isa = PBXFileReference; lastKnownFileType = folder.assetcatalog; path = Assets.xcassets; sourceTree = "<group>"; };
		799CC39827A488AC0043A9FF /* Preview Assets.xcassets */ = {isa = PBXFileReference; lastKnownFileType = folder.assetcatalog; path = "Preview Assets.xcassets"; sourceTree = "<group>"; };
		799CC39A27A488AC0043A9FF /* Info.plist */ = {isa = PBXFileReference; lastKnownFileType = text.plist.xml; path = Info.plist; sourceTree = "<group>"; };
		799CC39F27A488AC0043A9FF /* DayKeeperAppTests.xctest */ = {isa = PBXFileReference; explicitFileType = wrapper.cfbundle; includeInIndex = 0; path = DayKeeperAppTests.xctest; sourceTree = BUILT_PRODUCTS_DIR; };
		799CC3A327A488AC0043A9FF /* DayKeeperAppTests.swift */ = {isa = PBXFileReference; lastKnownFileType = sourcecode.swift; path = DayKeeperAppTests.swift; sourceTree = "<group>"; };
		799CC3A527A488AC0043A9FF /* Info.plist */ = {isa = PBXFileReference; lastKnownFileType = text.plist.xml; path = Info.plist; sourceTree = "<group>"; };
		799CC3AA27A488AC0043A9FF /* DayKeeperAppUITests.xctest */ = {isa = PBXFileReference; explicitFileType = wrapper.cfbundle; includeInIndex = 0; path = DayKeeperAppUITests.xctest; sourceTree = BUILT_PRODUCTS_DIR; };
		799CC3AE27A488AC0043A9FF /* DayKeeperAppUITests.swift */ = {isa = PBXFileReference; lastKnownFileType = sourcecode.swift; path = DayKeeperAppUITests.swift; sourceTree = "<group>"; };
		799CC3B027A488AC0043A9FF /* Info.plist */ = {isa = PBXFileReference; lastKnownFileType = text.plist.xml; path = Info.plist; sourceTree = "<group>"; };
		799CC3BC27A7421B0043A9FF /* LoginView.swift */ = {isa = PBXFileReference; lastKnownFileType = sourcecode.swift; path = LoginView.swift; sourceTree = "<group>"; };
		79A6FE712829570F00CEBBB3 /* ParentTabView.swift */ = {isa = PBXFileReference; lastKnownFileType = sourcecode.swift; path = ParentTabView.swift; sourceTree = "<group>"; };
		79A6FE7328295A3000CEBBB3 /* ChildAcctSettingsView.swift */ = {isa = PBXFileReference; lastKnownFileType = sourcecode.swift; path = ChildAcctSettingsView.swift; sourceTree = "<group>"; };
		79CADA9227AC889B00518544 /* RegistrationView.swift */ = {isa = PBXFileReference; lastKnownFileType = sourcecode.swift; path = RegistrationView.swift; sourceTree = "<group>"; };
		79CC525D282B25A600954A2B /* ParentEventsView.swift */ = {isa = PBXFileReference; lastKnownFileType = sourcecode.swift; path = ParentEventsView.swift; sourceTree = "<group>"; };
		79DC167A27BAEA3C007BFE1D /* SettingsView.swift */ = {isa = PBXFileReference; lastKnownFileType = sourcecode.swift; path = SettingsView.swift; sourceTree = "<group>"; };
		79DC167E27BAF070007BFE1D /* AccountSettingsView.swift */ = {isa = PBXFileReference; lastKnownFileType = sourcecode.swift; path = AccountSettingsView.swift; sourceTree = "<group>"; };
		79DC168127BAF420007BFE1D /* NotificationsSettingsViews.swift */ = {isa = PBXFileReference; lastKnownFileType = sourcecode.swift; path = NotificationsSettingsViews.swift; sourceTree = "<group>"; };
		AC11A766282BF57D0068FD82 /* StatFunctions.swift */ = {isa = PBXFileReference; lastKnownFileType = sourcecode.swift; path = StatFunctions.swift; sourceTree = "<group>"; };
		AC4B505127AEDA0700488105 /* StatsView.swift */ = {isa = PBXFileReference; lastKnownFileType = sourcecode.swift; path = StatsView.swift; sourceTree = "<group>"; };
		AC81ADAA2818B1CF006280CA /* CoreServices.framework */ = {isa = PBXFileReference; lastKnownFileType = wrapper.framework; name = CoreServices.framework; path = System/Library/Frameworks/CoreServices.framework; sourceTree = SDKROOT; };
		AC81ADAC2818F0A9006280CA /* CoreLocation.framework */ = {isa = PBXFileReference; lastKnownFileType = wrapper.framework; name = CoreLocation.framework; path = System/Library/Frameworks/CoreLocation.framework; sourceTree = SDKROOT; };
		ACDB8E432836F8AF00BF432D /* locationNotifs.swift */ = {isa = PBXFileReference; lastKnownFileType = sourcecode.swift; path = locationNotifs.swift; sourceTree = "<group>"; };
		FE11B3BB27ADC3480052CA22 /* EventsView.swift */ = {isa = PBXFileReference; lastKnownFileType = sourcecode.swift; path = EventsView.swift; sourceTree = "<group>"; };
		FE11B3BD27AF24980052CA22 /* Event.swift */ = {isa = PBXFileReference; lastKnownFileType = sourcecode.swift; path = Event.swift; sourceTree = "<group>"; };
		FE11B3C427B03ABA0052CA22 /* PreEvent.swift */ = {isa = PBXFileReference; lastKnownFileType = sourcecode.swift; path = PreEvent.swift; sourceTree = "<group>"; };
		FE11B3C627B05B900052CA22 /* EventRow.swift */ = {isa = PBXFileReference; lastKnownFileType = sourcecode.swift; path = EventRow.swift; sourceTree = "<group>"; };
		FE11B3C827B088490052CA22 /* Data.swift */ = {isa = PBXFileReference; lastKnownFileType = sourcecode.swift; path = Data.swift; sourceTree = "<group>"; };
		FE11B3CA27B18CB60052CA22 /* TaskRow.swift */ = {isa = PBXFileReference; lastKnownFileType = sourcecode.swift; path = TaskRow.swift; sourceTree = "<group>"; };
		FE11B3CC27B2DE330052CA22 /* Category.swift */ = {isa = PBXFileReference; lastKnownFileType = sourcecode.swift; path = Category.swift; sourceTree = "<group>"; };
		FE89727F27D3E6BD00041B33 /* Lemon-Regular.ttf */ = {isa = PBXFileReference; lastKnownFileType = file; path = "Lemon-Regular.ttf"; sourceTree = "<group>"; };
		FE89728027D3E6BD00041B33 /* OFL.txt */ = {isa = PBXFileReference; fileEncoding = 4; lastKnownFileType = text; path = OFL.txt; sourceTree = "<group>"; };
		FE89728E27D4083800041B33 /* Karla-Regular.ttf */ = {isa = PBXFileReference; lastKnownFileType = file; path = "Karla-Regular.ttf"; sourceTree = "<group>"; };
		FEA68AAF27BD4E15007E2E3A /* EventsViewModel.swift */ = {isa = PBXFileReference; lastKnownFileType = sourcecode.swift; path = EventsViewModel.swift; sourceTree = "<group>"; };
		FEEB0E7827D41D1B0088E346 /* Images.xcassets */ = {isa = PBXFileReference; lastKnownFileType = folder.assetcatalog; path = Images.xcassets; sourceTree = "<group>"; };
		FEEB0E7C27D41E3E0088E346 /* iTunesArtwork@1x.png */ = {isa = PBXFileReference; lastKnownFileType = image.png; path = "iTunesArtwork@1x.png"; sourceTree = "<group>"; };
		FEEB0E7E27D41E3E0088E346 /* Icon-App-76x76@2x.png */ = {isa = PBXFileReference; lastKnownFileType = image.png; path = "Icon-App-76x76@2x.png"; sourceTree = "<group>"; };
		FEEB0E7F27D41E3E0088E346 /* Icon-App-29x29@1x.png */ = {isa = PBXFileReference; lastKnownFileType = image.png; path = "Icon-App-29x29@1x.png"; sourceTree = "<group>"; };
		FEEB0E8027D41E3E0088E346 /* Icon-App-40x40@1x.png */ = {isa = PBXFileReference; lastKnownFileType = image.png; path = "Icon-App-40x40@1x.png"; sourceTree = "<group>"; };
		FEEB0E8127D41E3E0088E346 /* Icon-App-20x20@1x.png */ = {isa = PBXFileReference; lastKnownFileType = image.png; path = "Icon-App-20x20@1x.png"; sourceTree = "<group>"; };
		FEEB0E8227D41E3E0088E346 /* Icon-App-83.5x83.5@2x.png */ = {isa = PBXFileReference; lastKnownFileType = image.png; path = "Icon-App-83.5x83.5@2x.png"; sourceTree = "<group>"; };
		FEEB0E8327D41E3E0088E346 /* Icon-App-20x20@3x.png */ = {isa = PBXFileReference; lastKnownFileType = image.png; path = "Icon-App-20x20@3x.png"; sourceTree = "<group>"; };
		FEEB0E8427D41E3E0088E346 /* ItunesArtwork@2x.png */ = {isa = PBXFileReference; lastKnownFileType = image.png; path = "ItunesArtwork@2x.png"; sourceTree = "<group>"; };
		FEEB0E8527D41E3E0088E346 /* Contents.json */ = {isa = PBXFileReference; fileEncoding = 4; lastKnownFileType = text.json; path = Contents.json; sourceTree = "<group>"; };
		FEEB0E8627D41E3E0088E346 /* Icon-App-20x20@2x.png */ = {isa = PBXFileReference; lastKnownFileType = image.png; path = "Icon-App-20x20@2x.png"; sourceTree = "<group>"; };
		FEEB0E8727D41E3E0088E346 /* Icon-App-29x29@3x.png */ = {isa = PBXFileReference; lastKnownFileType = image.png; path = "Icon-App-29x29@3x.png"; sourceTree = "<group>"; };
		FEEB0E8827D41E3E0088E346 /* Icon-App-40x40@2x.png */ = {isa = PBXFileReference; lastKnownFileType = image.png; path = "Icon-App-40x40@2x.png"; sourceTree = "<group>"; };
		FEEB0E8927D41E3E0088E346 /* Icon-App-60x60@3x.png */ = {isa = PBXFileReference; lastKnownFileType = image.png; path = "Icon-App-60x60@3x.png"; sourceTree = "<group>"; };
		FEEB0E8A27D41E3E0088E346 /* Icon-App-60x60@2x.png */ = {isa = PBXFileReference; lastKnownFileType = image.png; path = "Icon-App-60x60@2x.png"; sourceTree = "<group>"; };
		FEEB0E8B27D41E3E0088E346 /* Icon-App-76x76@1x.png */ = {isa = PBXFileReference; lastKnownFileType = image.png; path = "Icon-App-76x76@1x.png"; sourceTree = "<group>"; };
		FEEB0E8C27D41E3E0088E346 /* Icon-App-40x40@3x.png */ = {isa = PBXFileReference; lastKnownFileType = image.png; path = "Icon-App-40x40@3x.png"; sourceTree = "<group>"; };
		FEEB0E8D27D41E3E0088E346 /* Icon-App-29x29@2x.png */ = {isa = PBXFileReference; lastKnownFileType = image.png; path = "Icon-App-29x29@2x.png"; sourceTree = "<group>"; };
		FEEB0E8E27D41E3E0088E346 /* README.md */ = {isa = PBXFileReference; fileEncoding = 4; lastKnownFileType = net.daringfireball.markdown; path = README.md; sourceTree = "<group>"; };
		FEEB0E8F27D41E3E0088E346 /* iTunesArtwork@2x.png */ = {isa = PBXFileReference; lastKnownFileType = image.png; path = "iTunesArtwork@2x.png"; sourceTree = "<group>"; };
		FEEB0E9027D41E3E0088E346 /* iTunesArtwork@3x.png */ = {isa = PBXFileReference; lastKnownFileType = image.png; path = "iTunesArtwork@3x.png"; sourceTree = "<group>"; };
		FEEB0F0C27D420EE0088E346 /* Alarm-1024.jpg */ = {isa = PBXFileReference; lastKnownFileType = image.jpeg; path = "Alarm-1024.jpg"; sourceTree = "<group>"; };
		FEEB0F0E27D424F90088E346 /* Alarm.jpg */ = {isa = PBXFileReference; lastKnownFileType = image.jpeg; path = Alarm.jpg; sourceTree = "<group>"; };
		FEEB0F1127D663B90088E346 /* Assets.xcassets */ = {isa = PBXFileReference; lastKnownFileType = folder.assetcatalog; path = Assets.xcassets; sourceTree = "<group>"; };
		FEEB0F1227D663B90088E346 /* appstore.png */ = {isa = PBXFileReference; lastKnownFileType = image.png; path = appstore.png; sourceTree = "<group>"; };
		FEEB0F1327D663B90088E346 /* playstore.png */ = {isa = PBXFileReference; lastKnownFileType = image.png; path = playstore.png; sourceTree = "<group>"; };
		FEECDC8C27B4380C007DD3CD /* Constants.swift */ = {isa = PBXFileReference; lastKnownFileType = sourcecode.swift; path = Constants.swift; sourceTree = "<group>"; };
		FEECDC9027B97722007DD3CD /* RealmSetup.swift */ = {isa = PBXFileReference; lastKnownFileType = sourcecode.swift; path = RealmSetup.swift; sourceTree = "<group>"; };
/* End PBXFileReference section */

/* Begin PBXFrameworksBuildPhase section */
		799CC38B27A488AB0043A9FF /* Frameworks */ = {
			isa = PBXFrameworksBuildPhase;
			buildActionMask = 2147483647;
			files = (
				FE9AC4192819999400755B24 /* RealmSwift in Frameworks */,
				FE9AC4172819999400755B24 /* Realm in Frameworks */,
				AC81ADAD2818F0AA006280CA /* CoreLocation.framework in Frameworks */,
				AC5B803A282B5CCF00386EBC /* FLCharts in Frameworks */,
			);
			runOnlyForDeploymentPostprocessing = 0;
		};
		799CC39C27A488AC0043A9FF /* Frameworks */ = {
			isa = PBXFrameworksBuildPhase;
			buildActionMask = 2147483647;
			files = (
			);
			runOnlyForDeploymentPostprocessing = 0;
		};
		799CC3A727A488AC0043A9FF /* Frameworks */ = {
			isa = PBXFrameworksBuildPhase;
			buildActionMask = 2147483647;
			files = (
			);
			runOnlyForDeploymentPostprocessing = 0;
		};
/* End PBXFrameworksBuildPhase section */

/* Begin PBXGroup section */
		794B0E24280C711800CDFA53 /* Views */ = {
			isa = PBXGroup;
			children = (
				79DC168027BAF076007BFE1D /* SettingsViews */,
				FE11B3CA27B18CB60052CA22 /* TaskRow.swift */,
				75F4D92027C30743001024FC /* CreateEventView.swift */,
				753F972127CC250100B5FACB /* NotifResponseView.swift */,
				7578380127B9BEBF00D8FF4A /* InfoOverlayView.swift */,
				FE11B3C627B05B900052CA22 /* EventRow.swift */,
				FE11B3BB27ADC3480052CA22 /* EventsView.swift */,
				79CC525D282B25A600954A2B /* ParentEventsView.swift */,
				751D4C7C27B0C04A006273F4 /* HelpView.swift */,
				79CADA9227AC889B00518544 /* RegistrationView.swift */,
				799CC3BC27A7421B0043A9FF /* LoginView.swift */,
				AC4B505127AEDA0700488105 /* StatsView.swift */,
				7550853C280F575700967F9F /* MainTabView.swift */,
				79A6FE712829570F00CEBBB3 /* ParentTabView.swift */,
				750A33A828356CD10012FBAC /* MapView.swift */,
			);
			path = Views;
			sourceTree = "<group>";
		};
		794B0E25280C715600CDFA53 /* Models */ = {
			isa = PBXGroup;
			children = (
				FEECDC9027B97722007DD3CD /* RealmSetup.swift */,
				757EDAA327CC00310037A09E /* ActionNotifManager.swift */,
				757837FF27B99CB300D8FF4A /* NotificationManager.swift */,
				FEA68AAF27BD4E15007E2E3A /* EventsViewModel.swift */,
				796B76D427AB40BB00B57919 /* AuthViewModel.swift */,
				7918B8BE282058F000655D77 /* SettingsViewModel.swift */,
				AC11A766282BF57D0068FD82 /* StatFunctions.swift */,
				750A33AC2835A0AB0012FBAC /* MapModel.swift */,
				ACDB8E432836F8AF00BF432D /* locationNotifs.swift */,
				756F3670283AEF380060644A /* LocationModel.swift */,
			);
			path = Models;
			sourceTree = "<group>";
		};
		794B0E26280C717200CDFA53 /* Controllers */ = {
			isa = PBXGroup;
			children = (
				796B76D627AB4C1900B57919 /* ViewMasterController.swift */,
			);
			path = Controllers;
			sourceTree = "<group>";
		};
		794B0E28280C719C00CDFA53 /* Data */ = {
			isa = PBXGroup;
			children = (
				FEECDC8C27B4380C007DD3CD /* Constants.swift */,
				FE11B3CC27B2DE330052CA22 /* Category.swift */,
				FE11B3BD27AF24980052CA22 /* Event.swift */,
				793F052D27B458E00062DE8E /* User.swift */,
				FE11B3C827B088490052CA22 /* Data.swift */,
				FE11B3C427B03ABA0052CA22 /* PreEvent.swift */,
			);
			path = Data;
			sourceTree = "<group>";
		};
		794B0E29280C71E200CDFA53 /* App */ = {
			isa = PBXGroup;
			children = (
				799CC39327A488AB0043A9FF /* ContentView.swift */,
				799CC39127A488AB0043A9FF /* DayKeeperAppApp.swift */,
			);
			path = App;
			sourceTree = "<group>";
		};
		799CC38527A488AB0043A9FF = {
			isa = PBXGroup;
			children = (
				799CC39027A488AB0043A9FF /* DayKeeperApp */,
				799CC3A227A488AC0043A9FF /* DayKeeperAppTests */,
				799CC3AD27A488AC0043A9FF /* DayKeeperAppUITests */,
				799CC38F27A488AB0043A9FF /* Products */,
				AC81ADA92818B1CF006280CA /* Frameworks */,
			);
			sourceTree = "<group>";
		};
		799CC38F27A488AB0043A9FF /* Products */ = {
			isa = PBXGroup;
			children = (
				799CC38E27A488AB0043A9FF /* DayKeeperApp.app */,
				799CC39F27A488AC0043A9FF /* DayKeeperAppTests.xctest */,
				799CC3AA27A488AC0043A9FF /* DayKeeperAppUITests.xctest */,
			);
			name = Products;
			sourceTree = "<group>";
		};
		799CC39027A488AB0043A9FF /* DayKeeperApp */ = {
			isa = PBXGroup;
			children = (
				794B0E28280C719C00CDFA53 /* Data */,
				794B0E26280C717200CDFA53 /* Controllers */,
				794B0E25280C715600CDFA53 /* Models */,
				794B0E24280C711800CDFA53 /* Views */,
				FE89728327D4083800041B33 /* Karla */,
				FE89727E27D3E6BD00041B33 /* Lemon */,
				794B0E29280C71E200CDFA53 /* App */,
				799CC39527A488AC0043A9FF /* Assets.xcassets */,
				FEEB0F0E27D424F90088E346 /* Alarm.jpg */,
				FEEB0E7A27D41E3E0088E346 /* Alarm */,
				FEEB0E7827D41D1B0088E346 /* Images.xcassets */,
				FEEB0F1027D663B90088E346 /* AppIcons */,
				799CC39A27A488AC0043A9FF /* Info.plist */,
				799CC39727A488AC0043A9FF /* Preview Content */,
			);
			path = DayKeeperApp;
			sourceTree = "<group>";
		};
		799CC39727A488AC0043A9FF /* Preview Content */ = {
			isa = PBXGroup;
			children = (
				799CC39827A488AC0043A9FF /* Preview Assets.xcassets */,
			);
			path = "Preview Content";
			sourceTree = "<group>";
		};
		799CC3A227A488AC0043A9FF /* DayKeeperAppTests */ = {
			isa = PBXGroup;
			children = (
				799CC3A327A488AC0043A9FF /* DayKeeperAppTests.swift */,
				799CC3A527A488AC0043A9FF /* Info.plist */,
			);
			path = DayKeeperAppTests;
			sourceTree = "<group>";
		};
		799CC3AD27A488AC0043A9FF /* DayKeeperAppUITests */ = {
			isa = PBXGroup;
			children = (
				799CC3AE27A488AC0043A9FF /* DayKeeperAppUITests.swift */,
				799CC3B027A488AC0043A9FF /* Info.plist */,
			);
			path = DayKeeperAppUITests;
			sourceTree = "<group>";
		};
		79DC168027BAF076007BFE1D /* SettingsViews */ = {
			isa = PBXGroup;
			children = (
				79DC167A27BAEA3C007BFE1D /* SettingsView.swift */,
				79DC167E27BAF070007BFE1D /* AccountSettingsView.swift */,
				79DC168127BAF420007BFE1D /* NotificationsSettingsViews.swift */,
				7918B8BC282058C900655D77 /* AddChildrenView.swift */,
				7984BA8B28281F15004A19B6 /* ChildSettingsView.swift */,
				79A6FE7328295A3000CEBBB3 /* ChildAcctSettingsView.swift */,
			);
			path = SettingsViews;
			sourceTree = "<group>";
		};
		AC81ADA92818B1CF006280CA /* Frameworks */ = {
			isa = PBXGroup;
			children = (
				AC81ADAC2818F0A9006280CA /* CoreLocation.framework */,
				AC81ADAA2818B1CF006280CA /* CoreServices.framework */,
			);
			name = Frameworks;
			sourceTree = "<group>";
		};
		FE89727E27D3E6BD00041B33 /* Lemon */ = {
			isa = PBXGroup;
			children = (
				FE89727F27D3E6BD00041B33 /* Lemon-Regular.ttf */,
				FE89728027D3E6BD00041B33 /* OFL.txt */,
			);
			path = Lemon;
			sourceTree = "<group>";
		};
		FE89728327D4083800041B33 /* Karla */ = {
			isa = PBXGroup;
			children = (
				FE89728E27D4083800041B33 /* Karla-Regular.ttf */,
			);
			path = Karla;
			sourceTree = "<group>";
		};
		FEEB0E7A27D41E3E0088E346 /* Alarm */ = {
			isa = PBXGroup;
			children = (
				FEEB0E7B27D41E3E0088E346 /* ios */,
			);
			path = Alarm;
			sourceTree = "<group>";
		};
		FEEB0E7B27D41E3E0088E346 /* ios */ = {
			isa = PBXGroup;
			children = (
				FEEB0E7C27D41E3E0088E346 /* iTunesArtwork@1x.png */,
				FEEB0E7D27D41E3E0088E346 /* AppIcon.appiconset */,
				FEEB0E8E27D41E3E0088E346 /* README.md */,
				FEEB0E8F27D41E3E0088E346 /* iTunesArtwork@2x.png */,
				FEEB0E9027D41E3E0088E346 /* iTunesArtwork@3x.png */,
			);
			path = ios;
			sourceTree = "<group>";
		};
		FEEB0E7D27D41E3E0088E346 /* AppIcon.appiconset */ = {
			isa = PBXGroup;
			children = (
				FEEB0F0C27D420EE0088E346 /* Alarm-1024.jpg */,
				FEEB0E7E27D41E3E0088E346 /* Icon-App-76x76@2x.png */,
				FEEB0E7F27D41E3E0088E346 /* Icon-App-29x29@1x.png */,
				FEEB0E8027D41E3E0088E346 /* Icon-App-40x40@1x.png */,
				FEEB0E8127D41E3E0088E346 /* Icon-App-20x20@1x.png */,
				FEEB0E8227D41E3E0088E346 /* Icon-App-83.5x83.5@2x.png */,
				FEEB0E8327D41E3E0088E346 /* Icon-App-20x20@3x.png */,
				FEEB0E8427D41E3E0088E346 /* ItunesArtwork@2x.png */,
				FEEB0E8527D41E3E0088E346 /* Contents.json */,
				FEEB0E8627D41E3E0088E346 /* Icon-App-20x20@2x.png */,
				FEEB0E8727D41E3E0088E346 /* Icon-App-29x29@3x.png */,
				FEEB0E8827D41E3E0088E346 /* Icon-App-40x40@2x.png */,
				FEEB0E8927D41E3E0088E346 /* Icon-App-60x60@3x.png */,
				FEEB0E8A27D41E3E0088E346 /* Icon-App-60x60@2x.png */,
				FEEB0E8B27D41E3E0088E346 /* Icon-App-76x76@1x.png */,
				FEEB0E8C27D41E3E0088E346 /* Icon-App-40x40@3x.png */,
				FEEB0E8D27D41E3E0088E346 /* Icon-App-29x29@2x.png */,
			);
			path = AppIcon.appiconset;
			sourceTree = "<group>";
		};
		FEEB0F1027D663B90088E346 /* AppIcons */ = {
			isa = PBXGroup;
			children = (
				FEEB0F1127D663B90088E346 /* Assets.xcassets */,
				FEEB0F1227D663B90088E346 /* appstore.png */,
				FEEB0F1327D663B90088E346 /* playstore.png */,
			);
			path = AppIcons;
			sourceTree = "<group>";
		};
/* End PBXGroup section */

/* Begin PBXNativeTarget section */
		799CC38D27A488AB0043A9FF /* DayKeeperApp */ = {
			isa = PBXNativeTarget;
			buildConfigurationList = 799CC3B327A488AC0043A9FF /* Build configuration list for PBXNativeTarget "DayKeeperApp" */;
			buildPhases = (
				799CC38A27A488AB0043A9FF /* Sources */,
				799CC38B27A488AB0043A9FF /* Frameworks */,
				799CC38C27A488AB0043A9FF /* Resources */,
			);
			buildRules = (
			);
			dependencies = (
				796A62B428074BDA007F67D0 /* PBXTargetDependency */,
				796A62B228074BD6007F67D0 /* PBXTargetDependency */,
			);
			name = DayKeeperApp;
			packageProductDependencies = (
				FE9AC4162819999400755B24 /* Realm */,
				FE9AC4182819999400755B24 /* RealmSwift */,
				AC5B8039282B5CCF00386EBC /* FLCharts */,
			);
			productName = DayKeeperApp;
			productReference = 799CC38E27A488AB0043A9FF /* DayKeeperApp.app */;
			productType = "com.apple.product-type.application";
		};
		799CC39E27A488AC0043A9FF /* DayKeeperAppTests */ = {
			isa = PBXNativeTarget;
			buildConfigurationList = 799CC3B627A488AC0043A9FF /* Build configuration list for PBXNativeTarget "DayKeeperAppTests" */;
			buildPhases = (
				799CC39B27A488AC0043A9FF /* Sources */,
				799CC39C27A488AC0043A9FF /* Frameworks */,
				799CC39D27A488AC0043A9FF /* Resources */,
			);
			buildRules = (
			);
			dependencies = (
				799CC3A127A488AC0043A9FF /* PBXTargetDependency */,
			);
			name = DayKeeperAppTests;
			productName = DayKeeperAppTests;
			productReference = 799CC39F27A488AC0043A9FF /* DayKeeperAppTests.xctest */;
			productType = "com.apple.product-type.bundle.unit-test";
		};
		799CC3A927A488AC0043A9FF /* DayKeeperAppUITests */ = {
			isa = PBXNativeTarget;
			buildConfigurationList = 799CC3B927A488AC0043A9FF /* Build configuration list for PBXNativeTarget "DayKeeperAppUITests" */;
			buildPhases = (
				799CC3A627A488AC0043A9FF /* Sources */,
				799CC3A727A488AC0043A9FF /* Frameworks */,
				799CC3A827A488AC0043A9FF /* Resources */,
			);
			buildRules = (
			);
			dependencies = (
				799CC3AC27A488AC0043A9FF /* PBXTargetDependency */,
			);
			name = DayKeeperAppUITests;
			productName = DayKeeperAppUITests;
			productReference = 799CC3AA27A488AC0043A9FF /* DayKeeperAppUITests.xctest */;
			productType = "com.apple.product-type.bundle.ui-testing";
		};
/* End PBXNativeTarget section */

/* Begin PBXProject section */
		799CC38627A488AB0043A9FF /* Project object */ = {
			isa = PBXProject;
			attributes = {
				KnownAssetTags = (
					New,
				);
				LastSwiftUpdateCheck = 1250;
				LastUpgradeCheck = 1320;
				TargetAttributes = {
					799CC38D27A488AB0043A9FF = {
						CreatedOnToolsVersion = 12.5.1;
					};
					799CC39E27A488AC0043A9FF = {
						CreatedOnToolsVersion = 12.5.1;
						TestTargetID = 799CC38D27A488AB0043A9FF;
					};
					799CC3A927A488AC0043A9FF = {
						CreatedOnToolsVersion = 12.5.1;
						TestTargetID = 799CC38D27A488AB0043A9FF;
					};
				};
			};
			buildConfigurationList = 799CC38927A488AB0043A9FF /* Build configuration list for PBXProject "DayKeeperApp" */;
			compatibilityVersion = "Xcode 9.3";
			developmentRegion = en;
			hasScannedForEncodings = 0;
			knownRegions = (
				en,
				Base,
			);
			mainGroup = 799CC38527A488AB0043A9FF;
			packageReferences = (
				FE9AC4152819999400755B24 /* XCRemoteSwiftPackageReference "realm-swift" */,
				AC5B8038282B5CCF00386EBC /* XCRemoteSwiftPackageReference "FLCharts" */,
			);
			productRefGroup = 799CC38F27A488AB0043A9FF /* Products */;
			projectDirPath = "";
			projectRoot = "";
			targets = (
				799CC38D27A488AB0043A9FF /* DayKeeperApp */,
				799CC39E27A488AC0043A9FF /* DayKeeperAppTests */,
				799CC3A927A488AC0043A9FF /* DayKeeperAppUITests */,
			);
		};
/* End PBXProject section */

/* Begin PBXResourcesBuildPhase section */
		799CC38C27A488AB0043A9FF /* Resources */ = {
			isa = PBXResourcesBuildPhase;
			buildActionMask = 2147483647;
			files = (
				FEEB0EDA27D41E3E0088E346 /* Icon-App-29x29@2x.png in Resources */,
				FEEB0ECB27D41E3E0088E346 /* Icon-App-76x76@2x.png in Resources */,
				799CC39927A488AC0043A9FF /* Preview Assets.xcassets in Resources */,
				FEEB0ED827D41E3E0088E346 /* Icon-App-76x76@1x.png in Resources */,
				FEEB0ED927D41E3E0088E346 /* Icon-App-40x40@3x.png in Resources */,
				FEEB0ED327D41E3E0088E346 /* Icon-App-20x20@2x.png in Resources */,
				FEEB0EDB27D41E3E0088E346 /* README.md in Resources */,
				799CC39627A488AC0043A9FF /* Assets.xcassets in Resources */,
				FEEB0F1627D663BA0088E346 /* playstore.png in Resources */,
				FEEB0EDD27D41E3E0088E346 /* iTunesArtwork@3x.png in Resources */,
				FE89728227D3E6BD00041B33 /* OFL.txt in Resources */,
				FEEB0ECA27D41E3E0088E346 /* iTunesArtwork@1x.png in Resources */,
				FEEB0ED727D41E3E0088E346 /* Icon-App-60x60@2x.png in Resources */,
				FEEB0EDC27D41E3E0088E346 /* iTunesArtwork@2x.png in Resources */,
				FEEB0ED527D41E3E0088E346 /* Icon-App-40x40@2x.png in Resources */,
				FEEB0ED227D41E3E0088E346 /* Contents.json in Resources */,
				FEEB0ED627D41E3E0088E346 /* Icon-App-60x60@3x.png in Resources */,
				FEEB0ED127D41E3E0088E346 /* ItunesArtwork@2x.png in Resources */,
				FEEB0ECD27D41E3E0088E346 /* Icon-App-40x40@1x.png in Resources */,
				FEEB0E7927D41D1B0088E346 /* Images.xcassets in Resources */,
				FE89728127D3E6BD00041B33 /* Lemon-Regular.ttf in Resources */,
				FEEB0ED427D41E3E0088E346 /* Icon-App-29x29@3x.png in Resources */,
				FEEB0ED027D41E3E0088E346 /* Icon-App-20x20@3x.png in Resources */,
				FE8972A027D4083800041B33 /* Karla-Regular.ttf in Resources */,
				FEEB0ECE27D41E3E0088E346 /* Icon-App-20x20@1x.png in Resources */,
				FEEB0ECF27D41E3E0088E346 /* Icon-App-83.5x83.5@2x.png in Resources */,
				FEEB0F1527D663BA0088E346 /* appstore.png in Resources */,
				FEEB0F0F27D424F90088E346 /* Alarm.jpg in Resources */,
				FEEB0F1427D663BA0088E346 /* Assets.xcassets in Resources */,
				FEEB0F0D27D420EE0088E346 /* Alarm-1024.jpg in Resources */,
				FEEB0ECC27D41E3E0088E346 /* Icon-App-29x29@1x.png in Resources */,
			);
			runOnlyForDeploymentPostprocessing = 0;
		};
		799CC39D27A488AC0043A9FF /* Resources */ = {
			isa = PBXResourcesBuildPhase;
			buildActionMask = 2147483647;
			files = (
			);
			runOnlyForDeploymentPostprocessing = 0;
		};
		799CC3A827A488AC0043A9FF /* Resources */ = {
			isa = PBXResourcesBuildPhase;
			buildActionMask = 2147483647;
			files = (
			);
			runOnlyForDeploymentPostprocessing = 0;
		};
/* End PBXResourcesBuildPhase section */

/* Begin PBXSourcesBuildPhase section */
		799CC38A27A488AB0043A9FF /* Sources */ = {
			isa = PBXSourcesBuildPhase;
			buildActionMask = 2147483647;
			files = (
				796B76D527AB40BB00B57919 /* AuthViewModel.swift in Sources */,
				753F972227CC250100B5FACB /* NotifResponseView.swift in Sources */,
				7578380227B9BEBF00D8FF4A /* InfoOverlayView.swift in Sources */,
				FE11B3BE27AF24980052CA22 /* Event.swift in Sources */,
				799CC3BD27A7421B0043A9FF /* LoginView.swift in Sources */,
				7918B8BF282058F000655D77 /* SettingsViewModel.swift in Sources */,
				FEA68AB027BD4E15007E2E3A /* EventsViewModel.swift in Sources */,
				79CADA9327AC889B00518544 /* RegistrationView.swift in Sources */,
				AC4B505227AEDA0700488105 /* StatsView.swift in Sources */,
				79DC167F27BAF070007BFE1D /* AccountSettingsView.swift in Sources */,
				756F3671283AEF380060644A /* LocationModel.swift in Sources */,
				79A6FE722829570F00CEBBB3 /* ParentTabView.swift in Sources */,
				79DC168227BAF420007BFE1D /* NotificationsSettingsViews.swift in Sources */,
				FEECDC8D27B4380C007DD3CD /* Constants.swift in Sources */,
				7550853D280F575700967F9F /* MainTabView.swift in Sources */,
				7984BA8C28281F15004A19B6 /* ChildSettingsView.swift in Sources */,
				799CC39427A488AB0043A9FF /* ContentView.swift in Sources */,
				79A6FE7428295A3000CEBBB3 /* ChildAcctSettingsView.swift in Sources */,
				79CC525E282B25A600954A2B /* ParentEventsView.swift in Sources */,
				750A33AD2835A0AB0012FBAC /* MapModel.swift in Sources */,
				751D4C7D27B0C04A006273F4 /* HelpView.swift in Sources */,
				796B76D727AB4C1900B57919 /* ViewMasterController.swift in Sources */,
				793F052E27B458E00062DE8E /* User.swift in Sources */,
				FE11B3C927B088490052CA22 /* Data.swift in Sources */,
				FEECDC9127B97722007DD3CD /* RealmSetup.swift in Sources */,
				FE11B3CB27B18CB60052CA22 /* TaskRow.swift in Sources */,
				799CC39227A488AB0043A9FF /* DayKeeperAppApp.swift in Sources */,
				750A33A928356CD10012FBAC /* MapView.swift in Sources */,
				FE11B3C527B03ABA0052CA22 /* PreEvent.swift in Sources */,
				7918B8BD282058C900655D77 /* AddChildrenView.swift in Sources */,
				7578380027B99CB300D8FF4A /* NotificationManager.swift in Sources */,
				AC11A767282BF57D0068FD82 /* StatFunctions.swift in Sources */,
				FE11B3BC27ADC3480052CA22 /* EventsView.swift in Sources */,
				FE11B3C727B05B900052CA22 /* EventRow.swift in Sources */,
				75F4D92127C30743001024FC /* CreateEventView.swift in Sources */,
				FE11B3CD27B2DE340052CA22 /* Category.swift in Sources */,
				ACDB8E442836F8AF00BF432D /* locationNotifs.swift in Sources */,
				757EDAA427CC00310037A09E /* ActionNotifManager.swift in Sources */,
				79DC167B27BAEA3C007BFE1D /* SettingsView.swift in Sources */,
			);
			runOnlyForDeploymentPostprocessing = 0;
		};
		799CC39B27A488AC0043A9FF /* Sources */ = {
			isa = PBXSourcesBuildPhase;
			buildActionMask = 2147483647;
			files = (
				799CC3A427A488AC0043A9FF /* DayKeeperAppTests.swift in Sources */,
			);
			runOnlyForDeploymentPostprocessing = 0;
		};
		799CC3A627A488AC0043A9FF /* Sources */ = {
			isa = PBXSourcesBuildPhase;
			buildActionMask = 2147483647;
			files = (
				799CC3AF27A488AC0043A9FF /* DayKeeperAppUITests.swift in Sources */,
			);
			runOnlyForDeploymentPostprocessing = 0;
		};
/* End PBXSourcesBuildPhase section */

/* Begin PBXTargetDependency section */
		796A62B228074BD6007F67D0 /* PBXTargetDependency */ = {
			isa = PBXTargetDependency;
			productRef = 796A62B128074BD6007F67D0 /* Realm */;
		};
		796A62B428074BDA007F67D0 /* PBXTargetDependency */ = {
			isa = PBXTargetDependency;
			productRef = 796A62B328074BDA007F67D0 /* RealmSwift */;
		};
		799CC3A127A488AC0043A9FF /* PBXTargetDependency */ = {
			isa = PBXTargetDependency;
			target = 799CC38D27A488AB0043A9FF /* DayKeeperApp */;
			targetProxy = 799CC3A027A488AC0043A9FF /* PBXContainerItemProxy */;
		};
		799CC3AC27A488AC0043A9FF /* PBXTargetDependency */ = {
			isa = PBXTargetDependency;
			target = 799CC38D27A488AB0043A9FF /* DayKeeperApp */;
			targetProxy = 799CC3AB27A488AC0043A9FF /* PBXContainerItemProxy */;
		};
/* End PBXTargetDependency section */

/* Begin XCBuildConfiguration section */
		799CC3B127A488AC0043A9FF /* Debug */ = {
			isa = XCBuildConfiguration;
			buildSettings = {
				ALWAYS_SEARCH_USER_PATHS = NO;
				CLANG_ANALYZER_NONNULL = YES;
				CLANG_ANALYZER_NUMBER_OBJECT_CONVERSION = YES_AGGRESSIVE;
				CLANG_CXX_LANGUAGE_STANDARD = "gnu++14";
				CLANG_CXX_LIBRARY = "libc++";
				CLANG_ENABLE_MODULES = YES;
				CLANG_ENABLE_OBJC_ARC = YES;
				CLANG_ENABLE_OBJC_WEAK = YES;
				CLANG_WARN_BLOCK_CAPTURE_AUTORELEASING = YES;
				CLANG_WARN_BOOL_CONVERSION = YES;
				CLANG_WARN_COMMA = YES;
				CLANG_WARN_CONSTANT_CONVERSION = YES;
				CLANG_WARN_DEPRECATED_OBJC_IMPLEMENTATIONS = YES;
				CLANG_WARN_DIRECT_OBJC_ISA_USAGE = YES_ERROR;
				CLANG_WARN_DOCUMENTATION_COMMENTS = YES;
				CLANG_WARN_EMPTY_BODY = YES;
				CLANG_WARN_ENUM_CONVERSION = YES;
				CLANG_WARN_INFINITE_RECURSION = YES;
				CLANG_WARN_INT_CONVERSION = YES;
				CLANG_WARN_NON_LITERAL_NULL_CONVERSION = YES;
				CLANG_WARN_OBJC_IMPLICIT_RETAIN_SELF = YES;
				CLANG_WARN_OBJC_LITERAL_CONVERSION = YES;
				CLANG_WARN_OBJC_ROOT_CLASS = YES_ERROR;
				CLANG_WARN_QUOTED_INCLUDE_IN_FRAMEWORK_HEADER = YES;
				CLANG_WARN_RANGE_LOOP_ANALYSIS = YES;
				CLANG_WARN_STRICT_PROTOTYPES = YES;
				CLANG_WARN_SUSPICIOUS_MOVE = YES;
				CLANG_WARN_UNGUARDED_AVAILABILITY = YES_AGGRESSIVE;
				CLANG_WARN_UNREACHABLE_CODE = YES;
				CLANG_WARN__DUPLICATE_METHOD_MATCH = YES;
				COPY_PHASE_STRIP = NO;
				DEBUG_INFORMATION_FORMAT = dwarf;
				ENABLE_STRICT_OBJC_MSGSEND = YES;
				ENABLE_TESTABILITY = YES;
				GCC_C_LANGUAGE_STANDARD = gnu11;
				GCC_DYNAMIC_NO_PIC = NO;
				GCC_NO_COMMON_BLOCKS = YES;
				GCC_OPTIMIZATION_LEVEL = 0;
				GCC_PREPROCESSOR_DEFINITIONS = (
					"DEBUG=1",
					"$(inherited)",
				);
				GCC_WARN_64_TO_32_BIT_CONVERSION = YES;
				GCC_WARN_ABOUT_RETURN_TYPE = YES_ERROR;
				GCC_WARN_UNDECLARED_SELECTOR = YES;
				GCC_WARN_UNINITIALIZED_AUTOS = YES_AGGRESSIVE;
				GCC_WARN_UNUSED_FUNCTION = YES;
				GCC_WARN_UNUSED_VARIABLE = YES;
				IPHONEOS_DEPLOYMENT_TARGET = 15.2;
				MTL_ENABLE_DEBUG_INFO = INCLUDE_SOURCE;
				MTL_FAST_MATH = YES;
				ONLY_ACTIVE_ARCH = YES;
				SDKROOT = iphoneos;
				SWIFT_ACTIVE_COMPILATION_CONDITIONS = DEBUG;
				SWIFT_OPTIMIZATION_LEVEL = "-Onone";
			};
			name = Debug;
		};
		799CC3B227A488AC0043A9FF /* Release */ = {
			isa = XCBuildConfiguration;
			buildSettings = {
				ALWAYS_SEARCH_USER_PATHS = NO;
				CLANG_ANALYZER_NONNULL = YES;
				CLANG_ANALYZER_NUMBER_OBJECT_CONVERSION = YES_AGGRESSIVE;
				CLANG_CXX_LANGUAGE_STANDARD = "gnu++14";
				CLANG_CXX_LIBRARY = "libc++";
				CLANG_ENABLE_MODULES = YES;
				CLANG_ENABLE_OBJC_ARC = YES;
				CLANG_ENABLE_OBJC_WEAK = YES;
				CLANG_WARN_BLOCK_CAPTURE_AUTORELEASING = YES;
				CLANG_WARN_BOOL_CONVERSION = YES;
				CLANG_WARN_COMMA = YES;
				CLANG_WARN_CONSTANT_CONVERSION = YES;
				CLANG_WARN_DEPRECATED_OBJC_IMPLEMENTATIONS = YES;
				CLANG_WARN_DIRECT_OBJC_ISA_USAGE = YES_ERROR;
				CLANG_WARN_DOCUMENTATION_COMMENTS = YES;
				CLANG_WARN_EMPTY_BODY = YES;
				CLANG_WARN_ENUM_CONVERSION = YES;
				CLANG_WARN_INFINITE_RECURSION = YES;
				CLANG_WARN_INT_CONVERSION = YES;
				CLANG_WARN_NON_LITERAL_NULL_CONVERSION = YES;
				CLANG_WARN_OBJC_IMPLICIT_RETAIN_SELF = YES;
				CLANG_WARN_OBJC_LITERAL_CONVERSION = YES;
				CLANG_WARN_OBJC_ROOT_CLASS = YES_ERROR;
				CLANG_WARN_QUOTED_INCLUDE_IN_FRAMEWORK_HEADER = YES;
				CLANG_WARN_RANGE_LOOP_ANALYSIS = YES;
				CLANG_WARN_STRICT_PROTOTYPES = YES;
				CLANG_WARN_SUSPICIOUS_MOVE = YES;
				CLANG_WARN_UNGUARDED_AVAILABILITY = YES_AGGRESSIVE;
				CLANG_WARN_UNREACHABLE_CODE = YES;
				CLANG_WARN__DUPLICATE_METHOD_MATCH = YES;
				COPY_PHASE_STRIP = NO;
				DEBUG_INFORMATION_FORMAT = "dwarf-with-dsym";
				ENABLE_NS_ASSERTIONS = NO;
				ENABLE_STRICT_OBJC_MSGSEND = YES;
				GCC_C_LANGUAGE_STANDARD = gnu11;
				GCC_NO_COMMON_BLOCKS = YES;
				GCC_WARN_64_TO_32_BIT_CONVERSION = YES;
				GCC_WARN_ABOUT_RETURN_TYPE = YES_ERROR;
				GCC_WARN_UNDECLARED_SELECTOR = YES;
				GCC_WARN_UNINITIALIZED_AUTOS = YES_AGGRESSIVE;
				GCC_WARN_UNUSED_FUNCTION = YES;
				GCC_WARN_UNUSED_VARIABLE = YES;
				IPHONEOS_DEPLOYMENT_TARGET = 15.2;
				MTL_ENABLE_DEBUG_INFO = NO;
				MTL_FAST_MATH = YES;
				SDKROOT = iphoneos;
				SWIFT_COMPILATION_MODE = wholemodule;
				SWIFT_OPTIMIZATION_LEVEL = "-O";
				VALIDATE_PRODUCT = YES;
			};
			name = Release;
		};
		799CC3B427A488AC0043A9FF /* Debug */ = {
			isa = XCBuildConfiguration;
			buildSettings = {
				ASSETCATALOG_COMPILER_APPICON_NAME = AppIcon;
				ASSETCATALOG_COMPILER_GLOBAL_ACCENT_COLOR_NAME = AccentColor;
				ASSETCATALOG_COMPILER_INCLUDE_ALL_APPICON_ASSETS = NO;
				BUILD_LIBRARY_FOR_DISTRIBUTION = YES;
				CODE_SIGN_STYLE = Automatic;
				DEVELOPMENT_ASSET_PATHS = "\"DayKeeperApp/Preview Content\"";
				DEVELOPMENT_TEAM = 22GDWJRY84;
				ENABLE_PREVIEWS = YES;
				INFOPLIST_FILE = DayKeeperApp/Info.plist;
				IPHONEOS_DEPLOYMENT_TARGET = 15.2;
				LD_RUNPATH_SEARCH_PATHS = (
					"$(inherited)",
					"@executable_path/Frameworks",
				);
				PRODUCT_BUNDLE_IDENTIFIER = cosc98.DayKeeperApp.ari;
				PRODUCT_NAME = "$(TARGET_NAME)";
				SWIFT_OPTIMIZATION_LEVEL = "-Onone";
				SWIFT_VERSION = 5.0;
				TARGETED_DEVICE_FAMILY = "1,2";
			};
			name = Debug;
		};
		799CC3B527A488AC0043A9FF /* Release */ = {
			isa = XCBuildConfiguration;
			buildSettings = {
				ASSETCATALOG_COMPILER_APPICON_NAME = AppIcon;
				ASSETCATALOG_COMPILER_GLOBAL_ACCENT_COLOR_NAME = AccentColor;
				ASSETCATALOG_COMPILER_INCLUDE_ALL_APPICON_ASSETS = NO;
				BUILD_LIBRARY_FOR_DISTRIBUTION = YES;
				CODE_SIGN_STYLE = Automatic;
				DEVELOPMENT_ASSET_PATHS = "\"DayKeeperApp/Preview Content\"";
				DEVELOPMENT_TEAM = 22GDWJRY84;
				ENABLE_PREVIEWS = YES;
				GCC_OPTIMIZATION_LEVEL = 0;
				INFOPLIST_FILE = DayKeeperApp/Info.plist;
				IPHONEOS_DEPLOYMENT_TARGET = 15.2;
				LD_RUNPATH_SEARCH_PATHS = (
					"$(inherited)",
					"@executable_path/Frameworks",
				);
				PRODUCT_BUNDLE_IDENTIFIER = cosc98.DayKeeperApp.ari;
				PRODUCT_NAME = "$(TARGET_NAME)";
				SWIFT_OPTIMIZATION_LEVEL = "-Onone";
				SWIFT_VERSION = 5.0;
				TARGETED_DEVICE_FAMILY = "1,2";
			};
			name = Release;
		};
		799CC3B727A488AC0043A9FF /* Debug */ = {
			isa = XCBuildConfiguration;
			buildSettings = {
				ALWAYS_EMBED_SWIFT_STANDARD_LIBRARIES = YES;
				BUNDLE_LOADER = "$(TEST_HOST)";
				CODE_SIGN_STYLE = Automatic;
				INFOPLIST_FILE = DayKeeperAppTests/Info.plist;
				IPHONEOS_DEPLOYMENT_TARGET = 14.0;
				LD_RUNPATH_SEARCH_PATHS = (
					"$(inherited)",
					"@executable_path/Frameworks",
					"@loader_path/Frameworks",
				);
				PRODUCT_BUNDLE_IDENTIFIER = cosc98.DayKeeperAppTests;
				PRODUCT_NAME = "$(TARGET_NAME)";
				SWIFT_VERSION = 5.0;
				TARGETED_DEVICE_FAMILY = "1,2";
				TEST_HOST = "$(BUILT_PRODUCTS_DIR)/DayKeeperApp.app/DayKeeperApp";
			};
			name = Debug;
		};
		799CC3B827A488AC0043A9FF /* Release */ = {
			isa = XCBuildConfiguration;
			buildSettings = {
				ALWAYS_EMBED_SWIFT_STANDARD_LIBRARIES = YES;
				BUNDLE_LOADER = "$(TEST_HOST)";
				CODE_SIGN_STYLE = Automatic;
				INFOPLIST_FILE = DayKeeperAppTests/Info.plist;
				IPHONEOS_DEPLOYMENT_TARGET = 14.0;
				LD_RUNPATH_SEARCH_PATHS = (
					"$(inherited)",
					"@executable_path/Frameworks",
					"@loader_path/Frameworks",
				);
				PRODUCT_BUNDLE_IDENTIFIER = cosc98.DayKeeperAppTests;
				PRODUCT_NAME = "$(TARGET_NAME)";
				SWIFT_VERSION = 5.0;
				TARGETED_DEVICE_FAMILY = "1,2";
				TEST_HOST = "$(BUILT_PRODUCTS_DIR)/DayKeeperApp.app/DayKeeperApp";
			};
			name = Release;
		};
		799CC3BA27A488AC0043A9FF /* Debug */ = {
			isa = XCBuildConfiguration;
			buildSettings = {
				ALWAYS_EMBED_SWIFT_STANDARD_LIBRARIES = YES;
				CODE_SIGN_STYLE = Automatic;
				INFOPLIST_FILE = DayKeeperAppUITests/Info.plist;
				LD_RUNPATH_SEARCH_PATHS = (
					"$(inherited)",
					"@executable_path/Frameworks",
					"@loader_path/Frameworks",
				);
				PRODUCT_BUNDLE_IDENTIFIER = cosc98.DayKeeperAppUITests;
				PRODUCT_NAME = "$(TARGET_NAME)";
				SWIFT_VERSION = 5.0;
				TARGETED_DEVICE_FAMILY = "1,2";
				TEST_TARGET_NAME = DayKeeperApp;
			};
			name = Debug;
		};
		799CC3BB27A488AC0043A9FF /* Release */ = {
			isa = XCBuildConfiguration;
			buildSettings = {
				ALWAYS_EMBED_SWIFT_STANDARD_LIBRARIES = YES;
				CODE_SIGN_STYLE = Automatic;
				INFOPLIST_FILE = DayKeeperAppUITests/Info.plist;
				LD_RUNPATH_SEARCH_PATHS = (
					"$(inherited)",
					"@executable_path/Frameworks",
					"@loader_path/Frameworks",
				);
				PRODUCT_BUNDLE_IDENTIFIER = cosc98.DayKeeperAppUITests;
				PRODUCT_NAME = "$(TARGET_NAME)";
				SWIFT_VERSION = 5.0;
				TARGETED_DEVICE_FAMILY = "1,2";
				TEST_TARGET_NAME = DayKeeperApp;
			};
			name = Release;
		};
/* End XCBuildConfiguration section */

/* Begin XCConfigurationList section */
		799CC38927A488AB0043A9FF /* Build configuration list for PBXProject "DayKeeperApp" */ = {
			isa = XCConfigurationList;
			buildConfigurations = (
				799CC3B127A488AC0043A9FF /* Debug */,
				799CC3B227A488AC0043A9FF /* Release */,
			);
			defaultConfigurationIsVisible = 0;
			defaultConfigurationName = Release;
		};
		799CC3B327A488AC0043A9FF /* Build configuration list for PBXNativeTarget "DayKeeperApp" */ = {
			isa = XCConfigurationList;
			buildConfigurations = (
				799CC3B427A488AC0043A9FF /* Debug */,
				799CC3B527A488AC0043A9FF /* Release */,
			);
			defaultConfigurationIsVisible = 0;
			defaultConfigurationName = Release;
		};
		799CC3B627A488AC0043A9FF /* Build configuration list for PBXNativeTarget "DayKeeperAppTests" */ = {
			isa = XCConfigurationList;
			buildConfigurations = (
				799CC3B727A488AC0043A9FF /* Debug */,
				799CC3B827A488AC0043A9FF /* Release */,
			);
			defaultConfigurationIsVisible = 0;
			defaultConfigurationName = Release;
		};
		799CC3B927A488AC0043A9FF /* Build configuration list for PBXNativeTarget "DayKeeperAppUITests" */ = {
			isa = XCConfigurationList;
			buildConfigurations = (
				799CC3BA27A488AC0043A9FF /* Debug */,
				799CC3BB27A488AC0043A9FF /* Release */,
			);
			defaultConfigurationIsVisible = 0;
			defaultConfigurationName = Release;
		};
/* End XCConfigurationList section */

/* Begin XCRemoteSwiftPackageReference section */
		AC5B8038282B5CCF00386EBC /* XCRemoteSwiftPackageReference "FLCharts" */ = {
			isa = XCRemoteSwiftPackageReference;
			repositoryURL = "https://github.com/francescoleoni98/FLCharts";
			requirement = {
				kind = upToNextMajorVersion;
				minimumVersion = 1.0.0;
			};
		};
		FE11B3BF27AF26770052CA22 /* XCRemoteSwiftPackageReference "realm-swift" */ = {
			isa = XCRemoteSwiftPackageReference;
			repositoryURL = "https://github.com/realm/realm-swift.git";
			requirement = {
				branch = master;
				kind = branch;
			};
		};
		FE9AC4152819999400755B24 /* XCRemoteSwiftPackageReference "realm-swift" */ = {
			isa = XCRemoteSwiftPackageReference;
			repositoryURL = "https://github.com/realm/realm-swift";
			requirement = {
				branch = master;
				kind = branch;
			};
		};
/* End XCRemoteSwiftPackageReference section */

/* Begin XCSwiftPackageProductDependency section */
		796A62B128074BD6007F67D0 /* Realm */ = {
			isa = XCSwiftPackageProductDependency;
			package = FE11B3BF27AF26770052CA22 /* XCRemoteSwiftPackageReference "realm-swift" */;
			productName = Realm;
		};
		796A62B328074BDA007F67D0 /* RealmSwift */ = {
			isa = XCSwiftPackageProductDependency;
			package = FE11B3BF27AF26770052CA22 /* XCRemoteSwiftPackageReference "realm-swift" */;
			productName = RealmSwift;
		};
		AC5B8039282B5CCF00386EBC /* FLCharts */ = {
			isa = XCSwiftPackageProductDependency;
			package = AC5B8038282B5CCF00386EBC /* XCRemoteSwiftPackageReference "FLCharts" */;
			productName = FLCharts;
		};
		FE9AC4162819999400755B24 /* Realm */ = {
			isa = XCSwiftPackageProductDependency;
			package = FE9AC4152819999400755B24 /* XCRemoteSwiftPackageReference "realm-swift" */;
			productName = Realm;
		};
		FE9AC4182819999400755B24 /* RealmSwift */ = {
			isa = XCSwiftPackageProductDependency;
			package = FE9AC4152819999400755B24 /* XCRemoteSwiftPackageReference "realm-swift" */;
			productName = RealmSwift;
		};
/* End XCSwiftPackageProductDependency section */
	};
	rootObject = 799CC38627A488AB0043A9FF /* Project object */;
}
