{

  "object": {
    "pins": [
      {
        "package": "RealmDatabase",
        "repositoryURL": "https://github.com/realm/realm-core",
        "state": {
          "branch": null,
          "revision": "472d325a2e844fcb48c400db74e6b9646f92ca93",
          "version": "11.15.0"
        }
      },
      {
        "package": "Realm",
        "repositoryURL": "https://github.com/realm/realm-swift",
        "state": {
          "branch": "master",
          "revision": "c4b36c55ebf5e7f37746f80de50b9b4389d7e548",
          "version": null
        }
      }
    },
    {
      "identity" : "realm-swift",
      "kind" : "remoteSourceControl",
      "location" : "https://github.com/realm/realm-swift.git",
      "state" : {
        "branch" : "master",
        "revision" : "8c1cbf124c5025da9220595e7764059963065891"
      }
    }
  ],
  "version" : 2
}
