{
  "object": {
    "pins": [
      {
        "package": "FLCharts",
        "repositoryURL": "https://github.com/francescoleoni98/FLCharts",
        "state": {
          "branch": null,
          "revision": "98653956b19ef8ea193373b304bb76898bdb1708",
          "version": "1.7.0"
        }
      },
      {
        "package": "RealmDatabase",
        "repositoryURL": "https://github.com/realm/realm-core",
        "state": {
          "branch": null,
          "revision": "d97eed3ae7dff2f2e2ffbda83fa8f3b8c445c6ba",
          "version": "11.17.0"
        }
      },
      {
        "package": "Realm",
        "repositoryURL": "https://github.com/realm/realm-swift",
        "state": {
          "branch": "master",
          "revision": "d3fad65d4b193171a45ab0976029d4235efea804",
          "version": null
        }
      }
    ]
  },
  "version": 1
}
