{
  "object": {
    "pins": [
      {
        "package": "FLCharts",
        "repositoryURL": "https://github.com/francescoleoni98/FLCharts",
        "state": {
          "branch": null,
          "revision": "8c09ccd4eef5c3106b3e1befa50e0b4db2513942",
          "version": "1.6.0"
        }
      },
      {
        "package": "RealmDatabase",
        "repositoryURL": "https://github.com/realm/realm-core",
        "state": {
          "branch": null,
          "revision": "472d325a2e844fcb48c400db74e6b9646f92ca93",
          "version": "11.15.0"
        }
      },
      {
        "package": "Realm",
        "repositoryURL": "https://github.com/realm/realm-swift",
        "state": {
          "branch": "master",
          "revision": "3a7dee88f5731b11c746fe222141ad8d1597bb9e",
          "version": null
        }
      }
    ]
  },
  "version": 1
}
